
Microsoft Visual Studio Solution File, Format Version 12.00
# Visual Studio Version 17
VisualStudioVersion = 17.14.36511.14 d17.14
MinimumVisualStudioVersion = 10.0.40219.1
Project("{FAE04EC0-301F-11D3-BF4B-00C04F79EFBC}") = "naclib", "naclib\naclib.csproj", "{69F0A14E-91B0-4963-62BB-C39D06302A77}"
EndProject
Project("{FAE04EC0-301F-11D3-BF4B-00C04F79EFBC}") = "NoAutoCheckpointsCLI", "NoAutoCheckpointsCLI\NoAutoCheckpointsCLI.csproj", "{D8BCC5D7-BD8E-31DE-E8F1-3BF0F8D1CB83}"
EndProject
Global
	GlobalSection(SolutionConfigurationPlatforms) = preSolution
		Debug|Any CPU = Debug|Any CPU
		Release|Any CPU = Release|Any CPU
	EndGlobalSection
	GlobalSection(ProjectConfigurationPlatforms) = postSolution
		{69F0A14E-91B0-4963-62BB-C39D06302A77}.Debug|Any CPU.ActiveCfg = Debug|Any CPU
		{69F0A14E-91B0-4963-62BB-C39D06302A77}.Debug|Any CPU.Build.0 = Debug|Any CPU
		{69F0A14E-91B0-4963-62BB-C39D06302A77}.Release|Any CPU.ActiveCfg = Release|Any CPU
		{69F0A14E-91B0-4963-62BB-C39D06302A77}.Release|Any CPU.Build.0 = Release|Any CPU
		{D8BCC5D7-BD8E-31DE-E8F1-3BF0F8D1CB83}.Debug|Any CPU.ActiveCfg = Debug|Any CPU
		{D8BCC5D7-BD8E-31DE-E8F1-3BF0F8D1CB83}.Debug|Any CPU.Build.0 = Debug|Any CPU
		{D8BCC5D7-BD8E-31DE-E8F1-3BF0F8D1CB83}.Release|Any CPU.ActiveCfg = Release|Any CPU
		{D8BCC5D7-BD8E-31DE-E8F1-3BF0F8D1CB83}.Release|Any CPU.Build.0 = Release|Any CPU
	EndGlobalSection
	GlobalSection(SolutionProperties) = preSolution
		HideSolutionNode = FALSE
	EndGlobalSection
	GlobalSection(ExtensibilityGlobals) = postSolution
		SolutionGuid = {7152A8E0-B5E4-4B1A-A8CC-70E21B79543F}
	EndGlobalSection
EndGlobal
